
Microsoft Visual Studio Solution File, Format Version 12.00
# Visual Studio Version 17
VisualStudioVersion = 17.7.34031.279
MinimumVisualStudioVersion = 10.0.40219.1
Project("{FAE04EC0-301F-11D3-BF4B-00C04F79EFBC}") = "Milieusysteem", "Milieusysteem.csproj", "{C00A2134-698E-4FDD-B339-11FD26462412}"
EndProject
Global
	GlobalSection(SolutionConfigurationPlatforms) = preSolution
		Debug|Any CPU = Debug|Any CPU
		Release|Any CPU = Release|Any CPU
	EndGlobalSection
	GlobalSection(ProjectConfigurationPlatforms) = postSolution
		{C00A2134-698E-4FDD-B339-11FD26462412}.Debug|Any CPU.ActiveCfg = Debug|Any CPU
		{C00A2134-698E-4FDD-B339-11FD26462412}.Debug|Any CPU.Build.0 = Debug|Any CPU
		{C00A2134-698E-4FDD-B339-11FD26462412}.Release|Any CPU.ActiveCfg = Release|Any CPU
		{C00A2134-698E-4FDD-B339-11FD26462412}.Release|Any CPU.Build.0 = Release|Any CPU
	EndGlobalSection
	GlobalSection(SolutionProperties) = preSolution
		HideSolutionNode = FALSE
	EndGlobalSection
	GlobalSection(ExtensibilityGlobals) = postSolution
		SolutionGuid = {BF1E83A4-E40C-44E6-B6FE-065B0AD8638F}
	EndGlobalSection
EndGlobal
